
Microsoft Visual Studio Solution File, Format Version 12.00
# Visual Studio 15
VisualStudioVersion = 15.0.26403.7
MinimumVisualStudioVersion = 10.0.40219.1
Project("{FAE04EC0-301F-11D3-BF4B-00C04F79EFBC}") = "Aula3107_Console", "Aula3107_Console\Aula3107_Console.csproj", "{B51E31F1-D745-4CF7-981A-90D26D7B4CFB}"
EndProject
Project("{FAE04EC0-301F-11D3-BF4B-00C04F79EFBC}") = "Aula0208-POO", "Aula0208-POO\Aula0208-POO.csproj", "{85D07052-F631-4E56-9D53-58D1AC693784}"
EndProject
Project("{FAE04EC0-301F-11D3-BF4B-00C04F79EFBC}") = "Aula0708_WPF", "WpfApp1\Aula0708_WPF.csproj", "{165C5F9F-832E-4D38-93CB-00CF429AFF6E}"
EndProject
Project("{FAE04EC0-301F-11D3-BF4B-00C04F79EFBC}") = "WpfApp3", "WpfApp3\WpfApp3.csproj", "{8BFB443C-5565-47E8-B402-6B760C8E3832}"
EndProject
Global
	GlobalSection(SolutionConfigurationPlatforms) = preSolution
		Debug|Any CPU = Debug|Any CPU
		Release|Any CPU = Release|Any CPU
	EndGlobalSection
	GlobalSection(ProjectConfigurationPlatforms) = postSolution
		{B51E31F1-D745-4CF7-981A-90D26D7B4CFB}.Debug|Any CPU.ActiveCfg = Debug|Any CPU
		{B51E31F1-D745-4CF7-981A-90D26D7B4CFB}.Debug|Any CPU.Build.0 = Debug|Any CPU
		{B51E31F1-D745-4CF7-981A-90D26D7B4CFB}.Release|Any CPU.ActiveCfg = Release|Any CPU
		{B51E31F1-D745-4CF7-981A-90D26D7B4CFB}.Release|Any CPU.Build.0 = Release|Any CPU
		{85D07052-F631-4E56-9D53-58D1AC693784}.Debug|Any CPU.ActiveCfg = Debug|Any CPU
		{85D07052-F631-4E56-9D53-58D1AC693784}.Debug|Any CPU.Build.0 = Debug|Any CPU
		{85D07052-F631-4E56-9D53-58D1AC693784}.Release|Any CPU.ActiveCfg = Release|Any CPU
		{85D07052-F631-4E56-9D53-58D1AC693784}.Release|Any CPU.Build.0 = Release|Any CPU
		{165C5F9F-832E-4D38-93CB-00CF429AFF6E}.Debug|Any CPU.ActiveCfg = Debug|Any CPU
		{165C5F9F-832E-4D38-93CB-00CF429AFF6E}.Debug|Any CPU.Build.0 = Debug|Any CPU
		{165C5F9F-832E-4D38-93CB-00CF429AFF6E}.Release|Any CPU.ActiveCfg = Release|Any CPU
		{165C5F9F-832E-4D38-93CB-00CF429AFF6E}.Release|Any CPU.Build.0 = Release|Any CPU
		{8BFB443C-5565-47E8-B402-6B760C8E3832}.Debug|Any CPU.ActiveCfg = Debug|Any CPU
		{8BFB443C-5565-47E8-B402-6B760C8E3832}.Debug|Any CPU.Build.0 = Debug|Any CPU
		{8BFB443C-5565-47E8-B402-6B760C8E3832}.Release|Any CPU.ActiveCfg = Release|Any CPU
		{8BFB443C-5565-47E8-B402-6B760C8E3832}.Release|Any CPU.Build.0 = Release|Any CPU
	EndGlobalSection
	GlobalSection(SolutionProperties) = preSolution
		HideSolutionNode = FALSE
	EndGlobalSection
	GlobalSection(ExtensibilityGlobals) = postSolution
		SolutionGuid = {627C29A0-743D-46E0-B45F-0CDF506ED603}
	EndGlobalSection
EndGlobal
